{
    "_readme": [
        "This file locks the dependencies of your project to a known state",
        "Read more about it at https://getcomposer.org/doc/01-basic-usage.md#composer-lock-the-lock-file",
        "This file is @generated automatically"
    ],
    "content-hash": "3e09ed268763989e767b4db4bd46562b",
    "packages": [],
    "packages-dev": [
        {
            "name": "nwidart/laravel-modules",
            "version": "3.3.1",
            "source": {
                "type": "git",
                "url": "https://github.com/nWidart/laravel-modules.git",
                "reference": "a7ec8a5871e57d337b7d37bbeb246fb99c41c703"
            },
            "dist": {
                "type": "zip",
                "url": "https://api.github.com/repos/nWidart/laravel-modules/zipball/a7ec8a5871e57d337b7d37bbeb246fb99c41c703",
                "reference": "a7ec8a5871e57d337b7d37bbeb246fb99c41c703",
                "shasum": ""
            },
            "require": {
                "php": ">=7.1"
            },
            "require-dev": {
                "friendsofphp/php-cs-fixer": "^2.7",
                "laravel/framework": "5.6.*",
                "mockery/mockery": "~1.0",
                "orchestra/testbench": "^3.6",
                "phpstan/phpstan": "^0.9.2",
                "phpunit/phpunit": "~7.0",
                "spatie/phpunit-snapshot-assertions": "^1.0"
            },
            "type": "library",
            "extra": {
                "laravel": {
                    "providers": [
                        "Nwidart\\Modules\\LaravelModulesServiceProvider"
                    ],
                    "aliases": {
                        "Module": "Nwidart\\Modules\\Facades\\Module"
                    }
                },
                "branch-alias": {
                    "dev-master": "3.0-dev"
                }
            },
            "autoload": {
                "psr-4": {
                    "Nwidart\\Modules\\": "src"
                },
                "files": [
                    "src/helpers.php"
                ]
            },
            "notification-url": "https://packagist.org/downloads/",
            "license": [
                "MIT"
            ],
            "authors": [
                {
                    "name": "Nicolas Widart",
                    "email": "n.widart@gmail.com",
                    "homepage": "https://nicolaswidart.com",
                    "role": "Developer"
                }
            ],
            "description": "Laravel Module management",
            "keywords": [
                "laravel",
                "module",
                "modules",
                "nwidart",
                "rad"
            ],
            "time": "2018-07-13T15:36:59+00:00"
        }
    ],
    "aliases": [],
    "minimum-stability": "stable",
    "stability-flags": [],
    "prefer-stable": false,
    "prefer-lowest": false,
    "platform": [],
    "platform-dev": []
}
